
Microsoft Visual Studio Solution File, Format Version 12.00
# Visual Studio Version 16
VisualStudioVersion = 25.0.1704.0
MinimumVisualStudioVersion = 10.0.40219.1
Project("{2150E333-8FDC-42A3-9474-1A3956D46DE8}") = "src", "src", "{C2EDBC39-72D4-48C0-9EB8-BF03D6DBF4AE}"
EndProject
Project("{2150E333-8FDC-42A3-9474-1A3956D46DE8}") = "corePackages", "corePackages", "{E4076F1B-8BBE-4EE5-AE11-763EB74D4467}"
EndProject
Project("{2150E333-8FDC-42A3-9474-1A3956D46DE8}") = "kodlama.io.Devs", "kodlama.io.Devs", "{03500F75-7809-49F5-B93B-AE18E68BD921}"
EndProject
Project("{FAE04EC0-301F-11D3-BF4B-00C04F79EFBC}") = "Core.Application", "src\corePackages\Core.Application\Core.Application.csproj", "{EF33B3A4-4156-4890-BDE7-A9DCDF77AB6C}"
EndProject
Project("{FAE04EC0-301F-11D3-BF4B-00C04F79EFBC}") = "Core.CrossCuttingConcerns", "src\corePackages\Core.CrossCuttingConcers\Core.CrossCuttingConcerns.csproj", "{46831E14-01B7-43A8-A84C-D56F9E07CB5E}"
EndProject
Project("{FAE04EC0-301F-11D3-BF4B-00C04F79EFBC}") = "Core.ElasticSearch", "src\corePackages\Core.ElasticSearch\Core.ElasticSearch.csproj", "{4B5E3CDB-9700-496A-9D0A-ED180EF960DC}"
EndProject
Project("{FAE04EC0-301F-11D3-BF4B-00C04F79EFBC}") = "Core.Mailing", "src\corePackages\Core.Mailing\Core.Mailing.csproj", "{02B8C17C-B70A-415F-A900-34F1E76622D2}"
EndProject
Project("{FAE04EC0-301F-11D3-BF4B-00C04F79EFBC}") = "Core.Persistence", "src\corePackages\Core.Persistence\Core.Persistence.csproj", "{905189B7-EA16-4E85-B456-F5CD8F364BCB}"
EndProject
Project("{FAE04EC0-301F-11D3-BF4B-00C04F79EFBC}") = "Core.Security", "src\corePackages\Core.Security\Core.Security.csproj", "{0DD50444-6F5C-47DA-8AEB-0A5B5855AB5F}"
EndProject
Project("{FAE04EC0-301F-11D3-BF4B-00C04F79EFBC}") = "Application", "src\kodlama.io.devs\Application\Application.csproj", "{90866AB2-ABE1-4B6F-B5D2-18ECF5E9FEB9}"
EndProject
Project("{FAE04EC0-301F-11D3-BF4B-00C04F79EFBC}") = "Domain", "src\kodlama.io.devs\Domain\Domain.csproj", "{65143889-7FBF-4976-B930-80D2F212EF1C}"
EndProject
Project("{FAE04EC0-301F-11D3-BF4B-00C04F79EFBC}") = "Infrastructure", "src\kodlama.io.devs\Infrastructure\Infrastructure.csproj", "{92FD9061-04ED-4890-8E86-7EBCAB519D0E}"
EndProject
Project("{FAE04EC0-301F-11D3-BF4B-00C04F79EFBC}") = "Persistence", "src\kodlama.io.devs\Persistence\Persistence.csproj", "{AF203E33-E164-436B-9D4C-BA807C5F1E4F}"
EndProject
Project("{FAE04EC0-301F-11D3-BF4B-00C04F79EFBC}") = "WebAPI", "src\kodlama.io.devs\WebAPI\WebAPI.csproj", "{E0C9882C-8D12-4BEB-9815-8331BAA0337F}"
EndProject
Global
	GlobalSection(SolutionConfigurationPlatforms) = preSolution
		Debug|Any CPU = Debug|Any CPU
		Release|Any CPU = Release|Any CPU
	EndGlobalSection
	GlobalSection(ProjectConfigurationPlatforms) = postSolution
		{EF33B3A4-4156-4890-BDE7-A9DCDF77AB6C}.Debug|Any CPU.ActiveCfg = Debug|Any CPU
		{EF33B3A4-4156-4890-BDE7-A9DCDF77AB6C}.Debug|Any CPU.Build.0 = Debug|Any CPU
		{EF33B3A4-4156-4890-BDE7-A9DCDF77AB6C}.Release|Any CPU.ActiveCfg = Release|Any CPU
		{EF33B3A4-4156-4890-BDE7-A9DCDF77AB6C}.Release|Any CPU.Build.0 = Release|Any CPU
		{46831E14-01B7-43A8-A84C-D56F9E07CB5E}.Debug|Any CPU.ActiveCfg = Debug|Any CPU
		{46831E14-01B7-43A8-A84C-D56F9E07CB5E}.Debug|Any CPU.Build.0 = Debug|Any CPU
		{46831E14-01B7-43A8-A84C-D56F9E07CB5E}.Release|Any CPU.ActiveCfg = Release|Any CPU
		{46831E14-01B7-43A8-A84C-D56F9E07CB5E}.Release|Any CPU.Build.0 = Release|Any CPU
		{4B5E3CDB-9700-496A-9D0A-ED180EF960DC}.Debug|Any CPU.ActiveCfg = Debug|Any CPU
		{4B5E3CDB-9700-496A-9D0A-ED180EF960DC}.Debug|Any CPU.Build.0 = Debug|Any CPU
		{4B5E3CDB-9700-496A-9D0A-ED180EF960DC}.Release|Any CPU.ActiveCfg = Release|Any CPU
		{4B5E3CDB-9700-496A-9D0A-ED180EF960DC}.Release|Any CPU.Build.0 = Release|Any CPU
		{02B8C17C-B70A-415F-A900-34F1E76622D2}.Debug|Any CPU.ActiveCfg = Debug|Any CPU
		{02B8C17C-B70A-415F-A900-34F1E76622D2}.Debug|Any CPU.Build.0 = Debug|Any CPU
		{02B8C17C-B70A-415F-A900-34F1E76622D2}.Release|Any CPU.ActiveCfg = Release|Any CPU
		{02B8C17C-B70A-415F-A900-34F1E76622D2}.Release|Any CPU.Build.0 = Release|Any CPU
		{905189B7-EA16-4E85-B456-F5CD8F364BCB}.Debug|Any CPU.ActiveCfg = Debug|Any CPU
		{905189B7-EA16-4E85-B456-F5CD8F364BCB}.Debug|Any CPU.Build.0 = Debug|Any CPU
		{905189B7-EA16-4E85-B456-F5CD8F364BCB}.Release|Any CPU.ActiveCfg = Release|Any CPU
		{905189B7-EA16-4E85-B456-F5CD8F364BCB}.Release|Any CPU.Build.0 = Release|Any CPU
		{0DD50444-6F5C-47DA-8AEB-0A5B5855AB5F}.Debug|Any CPU.ActiveCfg = Debug|Any CPU
		{0DD50444-6F5C-47DA-8AEB-0A5B5855AB5F}.Debug|Any CPU.Build.0 = Debug|Any CPU
		{0DD50444-6F5C-47DA-8AEB-0A5B5855AB5F}.Release|Any CPU.ActiveCfg = Release|Any CPU
		{0DD50444-6F5C-47DA-8AEB-0A5B5855AB5F}.Release|Any CPU.Build.0 = Release|Any CPU
		{90866AB2-ABE1-4B6F-B5D2-18ECF5E9FEB9}.Debug|Any CPU.ActiveCfg = Debug|Any CPU
		{90866AB2-ABE1-4B6F-B5D2-18ECF5E9FEB9}.Debug|Any CPU.Build.0 = Debug|Any CPU
		{90866AB2-ABE1-4B6F-B5D2-18ECF5E9FEB9}.Release|Any CPU.ActiveCfg = Release|Any CPU
		{90866AB2-ABE1-4B6F-B5D2-18ECF5E9FEB9}.Release|Any CPU.Build.0 = Release|Any CPU
		{65143889-7FBF-4976-B930-80D2F212EF1C}.Debug|Any CPU.ActiveCfg = Debug|Any CPU
		{65143889-7FBF-4976-B930-80D2F212EF1C}.Debug|Any CPU.Build.0 = Debug|Any CPU
		{65143889-7FBF-4976-B930-80D2F212EF1C}.Release|Any CPU.ActiveCfg = Release|Any CPU
		{65143889-7FBF-4976-B930-80D2F212EF1C}.Release|Any CPU.Build.0 = Release|Any CPU
		{92FD9061-04ED-4890-8E86-7EBCAB519D0E}.Debug|Any CPU.ActiveCfg = Debug|Any CPU
		{92FD9061-04ED-4890-8E86-7EBCAB519D0E}.Debug|Any CPU.Build.0 = Debug|Any CPU
		{92FD9061-04ED-4890-8E86-7EBCAB519D0E}.Release|Any CPU.ActiveCfg = Release|Any CPU
		{92FD9061-04ED-4890-8E86-7EBCAB519D0E}.Release|Any CPU.Build.0 = Release|Any CPU
		{AF203E33-E164-436B-9D4C-BA807C5F1E4F}.Debug|Any CPU.ActiveCfg = Debug|Any CPU
		{AF203E33-E164-436B-9D4C-BA807C5F1E4F}.Debug|Any CPU.Build.0 = Debug|Any CPU
		{AF203E33-E164-436B-9D4C-BA807C5F1E4F}.Release|Any CPU.ActiveCfg = Release|Any CPU
		{AF203E33-E164-436B-9D4C-BA807C5F1E4F}.Release|Any CPU.Build.0 = Release|Any CPU
		{E0C9882C-8D12-4BEB-9815-8331BAA0337F}.Debug|Any CPU.ActiveCfg = Debug|Any CPU
		{E0C9882C-8D12-4BEB-9815-8331BAA0337F}.Debug|Any CPU.Build.0 = Debug|Any CPU
		{E0C9882C-8D12-4BEB-9815-8331BAA0337F}.Release|Any CPU.ActiveCfg = Release|Any CPU
		{E0C9882C-8D12-4BEB-9815-8331BAA0337F}.Release|Any CPU.Build.0 = Release|Any CPU
	EndGlobalSection
	GlobalSection(SolutionProperties) = preSolution
		HideSolutionNode = FALSE
	EndGlobalSection
	GlobalSection(ExtensibilityGlobals) = postSolution
		SolutionGuid = {A6F25E5A-3C10-421A-825F-E23271317F13}
	EndGlobalSection
	GlobalSection(NestedProjects) = preSolution
		{E4076F1B-8BBE-4EE5-AE11-763EB74D4467} = {C2EDBC39-72D4-48C0-9EB8-BF03D6DBF4AE}
		{03500F75-7809-49F5-B93B-AE18E68BD921} = {C2EDBC39-72D4-48C0-9EB8-BF03D6DBF4AE}
		{EF33B3A4-4156-4890-BDE7-A9DCDF77AB6C} = {E4076F1B-8BBE-4EE5-AE11-763EB74D4467}
		{46831E14-01B7-43A8-A84C-D56F9E07CB5E} = {E4076F1B-8BBE-4EE5-AE11-763EB74D4467}
		{4B5E3CDB-9700-496A-9D0A-ED180EF960DC} = {E4076F1B-8BBE-4EE5-AE11-763EB74D4467}
		{02B8C17C-B70A-415F-A900-34F1E76622D2} = {E4076F1B-8BBE-4EE5-AE11-763EB74D4467}
		{905189B7-EA16-4E85-B456-F5CD8F364BCB} = {E4076F1B-8BBE-4EE5-AE11-763EB74D4467}
		{0DD50444-6F5C-47DA-8AEB-0A5B5855AB5F} = {E4076F1B-8BBE-4EE5-AE11-763EB74D4467}
		{90866AB2-ABE1-4B6F-B5D2-18ECF5E9FEB9} = {03500F75-7809-49F5-B93B-AE18E68BD921}
		{65143889-7FBF-4976-B930-80D2F212EF1C} = {03500F75-7809-49F5-B93B-AE18E68BD921}
		{92FD9061-04ED-4890-8E86-7EBCAB519D0E} = {03500F75-7809-49F5-B93B-AE18E68BD921}
		{AF203E33-E164-436B-9D4C-BA807C5F1E4F} = {03500F75-7809-49F5-B93B-AE18E68BD921}
		{E0C9882C-8D12-4BEB-9815-8331BAA0337F} = {03500F75-7809-49F5-B93B-AE18E68BD921}
	EndGlobalSection
EndGlobal
